// !$*UTF8*$!
{
	archiveVersion = 1;
	classes = {
	};
	objectVersion = 46;
	objects = {

/* Begin PBXBuildFile section */
		0A3EE9651AE3CBF600DFCB83 /* AppDelegate.swift in Sources */ = {isa = PBXBuildFile; fileRef = 0A3EE9641AE3CBF600DFCB83 /* AppDelegate.swift */; };
		0A3EE9681AE3CBF600DFCB83 /* Xiomara_Figueroa.xcdatamodeld in Sources */ = {isa = PBXBuildFile; fileRef = 0A3EE9661AE3CBF600DFCB83 /* Xiomara_Figueroa.xcdatamodeld */; };
		0A3EE97E1AE3CBF600DFCB83 /* Xiomara_FigueroaTests.swift in Sources */ = {isa = PBXBuildFile; fileRef = 0A3EE97D1AE3CBF600DFCB83 /* Xiomara_FigueroaTests.swift */; };
		0A4836CC1AE88DDA00ED3BEC /* ResumeViewController.swift in Sources */ = {isa = PBXBuildFile; fileRef = 0A4836CB1AE88DDA00ED3BEC /* ResumeViewController.swift */; };
		0A4836CE1AE8A83A00ED3BEC /* DataManager.swift in Sources */ = {isa = PBXBuildFile; fileRef = 0A4836CD1AE8A83A00ED3BEC /* DataManager.swift */; };
		0A75A0881AEC306500BEF45A /* Images.xcassets in Resources */ = {isa = PBXBuildFile; fileRef = 0A75A0871AEC306500BEF45A /* Images.xcassets */; };
		0A75A08A1AEC349700BEF45A /* AboutViewController.swift in Sources */ = {isa = PBXBuildFile; fileRef = 0A75A0891AEC349700BEF45A /* AboutViewController.swift */; };
		0A75A08C1AEC34A400BEF45A /* WorkViewController.swift in Sources */ = {isa = PBXBuildFile; fileRef = 0A75A08B1AEC34A400BEF45A /* WorkViewController.swift */; };
		0A75A08E1AEC34AF00BEF45A /* ExtraViewController.swift in Sources */ = {isa = PBXBuildFile; fileRef = 0A75A08D1AEC34AF00BEF45A /* ExtraViewController.swift */; };
		0A75A0901AEC34C000BEF45A /* ProjectsVieController.swift in Sources */ = {isa = PBXBuildFile; fileRef = 0A75A08F1AEC34C000BEF45A /* ProjectsVieController.swift */; };
		0A75A0931AEC58D800BEF45A /* Extensions.swift in Sources */ = {isa = PBXBuildFile; fileRef = 0A75A0921AEC58D800BEF45A /* Extensions.swift */; };
		3F4204A299786DE1F9EDF13C /* libPods.a in Frameworks */ = {isa = PBXBuildFile; fileRef = FB37EFF2D61EB30A774A8763 /* libPods.a */; };
/* End PBXBuildFile section */

/* Begin PBXContainerItemProxy section */
		0A3EE9781AE3CBF600DFCB83 /* PBXContainerItemProxy */ = {
			isa = PBXContainerItemProxy;
			containerPortal = 0A3EE9571AE3CBF600DFCB83 /* Project object */;
			proxyType = 1;
			remoteGlobalIDString = 0A3EE95E1AE3CBF600DFCB83;
			remoteInfo = "Xiomara-Figueroa";
		};
/* End PBXContainerItemProxy section */

/* Begin PBXFileReference section */
		0A3EE95F1AE3CBF600DFCB83 /* Xiomara-Figueroa.app */ = {isa = PBXFileReference; explicitFileType = wrapper.application; includeInIndex = 0; path = "Xiomara-Figueroa.app"; sourceTree = BUILT_PRODUCTS_DIR; };
		0A3EE9631AE3CBF600DFCB83 /* Info.plist */ = {isa = PBXFileReference; lastKnownFileType = text.plist.xml; path = Info.plist; sourceTree = "<group>"; };
		0A3EE9641AE3CBF600DFCB83 /* AppDelegate.swift */ = {isa = PBXFileReference; lastKnownFileType = sourcecode.swift; path = AppDelegate.swift; sourceTree = "<group>"; };
		0A3EE9671AE3CBF600DFCB83 /* Xiomara_Figueroa.xcdatamodel */ = {isa = PBXFileReference; lastKnownFileType = wrapper.xcdatamodel; path = Xiomara_Figueroa.xcdatamodel; sourceTree = "<group>"; };
		0A3EE9771AE3CBF600DFCB83 /* Xiomara-FigueroaTests.xctest */ = {isa = PBXFileReference; explicitFileType = wrapper.cfbundle; includeInIndex = 0; path = "Xiomara-FigueroaTests.xctest"; sourceTree = BUILT_PRODUCTS_DIR; };
		0A3EE97C1AE3CBF600DFCB83 /* Info.plist */ = {isa = PBXFileReference; lastKnownFileType = text.plist.xml; path = Info.plist; sourceTree = "<group>"; };
		0A3EE97D1AE3CBF600DFCB83 /* Xiomara_FigueroaTests.swift */ = {isa = PBXFileReference; lastKnownFileType = sourcecode.swift; path = Xiomara_FigueroaTests.swift; sourceTree = "<group>"; };
		0A3EE98D1AE3CCAB00DFCB83 /* Xiomara-Figueroa-Bridging-Header.h */ = {isa = PBXFileReference; lastKnownFileType = sourcecode.c.h; path = "Xiomara-Figueroa-Bridging-Header.h"; sourceTree = "<group>"; };
		0A4836CB1AE88DDA00ED3BEC /* ResumeViewController.swift */ = {isa = PBXFileReference; fileEncoding = 4; lastKnownFileType = sourcecode.swift; path = ResumeViewController.swift; sourceTree = "<group>"; };
		0A4836CD1AE8A83A00ED3BEC /* DataManager.swift */ = {isa = PBXFileReference; fileEncoding = 4; lastKnownFileType = sourcecode.swift; path = DataManager.swift; sourceTree = "<group>"; };
		0A75A0871AEC306500BEF45A /* Images.xcassets */ = {isa = PBXFileReference; lastKnownFileType = folder.assetcatalog; path = Images.xcassets; sourceTree = "<group>"; };
		0A75A0891AEC349700BEF45A /* AboutViewController.swift */ = {isa = PBXFileReference; fileEncoding = 4; lastKnownFileType = sourcecode.swift; path = AboutViewController.swift; sourceTree = "<group>"; };
		0A75A08B1AEC34A400BEF45A /* WorkViewController.swift */ = {isa = PBXFileReference; fileEncoding = 4; lastKnownFileType = sourcecode.swift; path = WorkViewController.swift; sourceTree = "<group>"; };
		0A75A08D1AEC34AF00BEF45A /* ExtraViewController.swift */ = {isa = PBXFileReference; fileEncoding = 4; lastKnownFileType = sourcecode.swift; path = ExtraViewController.swift; sourceTree = "<group>"; };
		0A75A08F1AEC34C000BEF45A /* ProjectsVieController.swift */ = {isa = PBXFileReference; fileEncoding = 4; lastKnownFileType = sourcecode.swift; path = ProjectsVieController.swift; sourceTree = "<group>"; };
		0A75A0921AEC58D800BEF45A /* Extensions.swift */ = {isa = PBXFileReference; fileEncoding = 4; lastKnownFileType = sourcecode.swift; path = Extensions.swift; sourceTree = "<group>"; };
		94AD2A221816654012C8E841 /* Pods.debug.xcconfig */ = {isa = PBXFileReference; includeInIndex = 1; lastKnownFileType = text.xcconfig; name = Pods.debug.xcconfig; path = "Pods/Target Support Files/Pods/Pods.debug.xcconfig"; sourceTree = "<group>"; };
		E4508D6C8084C30FF046EB6E /* Pods.release.xcconfig */ = {isa = PBXFileReference; includeInIndex = 1; lastKnownFileType = text.xcconfig; name = Pods.release.xcconfig; path = "Pods/Target Support Files/Pods/Pods.release.xcconfig"; sourceTree = "<group>"; };
		FB37EFF2D61EB30A774A8763 /* libPods.a */ = {isa = PBXFileReference; explicitFileType = archive.ar; includeInIndex = 0; path = libPods.a; sourceTree = BUILT_PRODUCTS_DIR; };
/* End PBXFileReference section */

/* Begin PBXFrameworksBuildPhase section */
		0A3EE95C1AE3CBF600DFCB83 /* Frameworks */ = {
			isa = PBXFrameworksBuildPhase;
			buildActionMask = 2147483647;
			files = (
				3F4204A299786DE1F9EDF13C /* libPods.a in Frameworks */,
			);
			runOnlyForDeploymentPostprocessing = 0;
		};
		0A3EE9741AE3CBF600DFCB83 /* Frameworks */ = {
			isa = PBXFrameworksBuildPhase;
			buildActionMask = 2147483647;
			files = (
			);
			runOnlyForDeploymentPostprocessing = 0;
		};
/* End PBXFrameworksBuildPhase section */

/* Begin PBXGroup section */
		0A3EE9561AE3CBF600DFCB83 = {
			isa = PBXGroup;
			children = (
				0A3EE9611AE3CBF600DFCB83 /* Xiomara-Figueroa */,
				0A3EE97A1AE3CBF600DFCB83 /* Xiomara-FigueroaTests */,
				0A3EE9601AE3CBF600DFCB83 /* Products */,
				F69ADD625F833364C9D38052 /* Pods */,
				5277D4564AE15E287EBEACD8 /* Frameworks */,
			);
			sourceTree = "<group>";
		};
		0A3EE9601AE3CBF600DFCB83 /* Products */ = {
			isa = PBXGroup;
			children = (
				0A3EE95F1AE3CBF600DFCB83 /* Xiomara-Figueroa.app */,
				0A3EE9771AE3CBF600DFCB83 /* Xiomara-FigueroaTests.xctest */,
			);
			name = Products;
			sourceTree = "<group>";
		};
		0A3EE9611AE3CBF600DFCB83 /* Xiomara-Figueroa */ = {
			isa = PBXGroup;
			children = (
				0A4836CF1AE8A83F00ED3BEC /* Singletons */,
				0A3EE98A1AE3CC6000DFCB83 /* Views */,
				0A3EE9871AE3CC2E00DFCB83 /* Controllers */,
				0A75A0911AEC58C600BEF45A /* Helpers */,
				0A3EE9621AE3CBF600DFCB83 /* Supporting Files */,
				0A3EE98D1AE3CCAB00DFCB83 /* Xiomara-Figueroa-Bridging-Header.h */,
				0A3EE9661AE3CBF600DFCB83 /* Xiomara_Figueroa.xcdatamodeld */,
				0A75A0871AEC306500BEF45A /* Images.xcassets */,
			);
			path = "Xiomara-Figueroa";
			sourceTree = "<group>";
		};
		0A3EE9621AE3CBF600DFCB83 /* Supporting Files */ = {
			isa = PBXGroup;
			children = (
				0A3EE9631AE3CBF600DFCB83 /* Info.plist */,
			);
			name = "Supporting Files";
			sourceTree = "<group>";
		};
		0A3EE97A1AE3CBF600DFCB83 /* Xiomara-FigueroaTests */ = {
			isa = PBXGroup;
			children = (
				0A3EE97D1AE3CBF600DFCB83 /* Xiomara_FigueroaTests.swift */,
				0A3EE97B1AE3CBF600DFCB83 /* Supporting Files */,
			);
			path = "Xiomara-FigueroaTests";
			sourceTree = "<group>";
		};
		0A3EE97B1AE3CBF600DFCB83 /* Supporting Files */ = {
			isa = PBXGroup;
			children = (
				0A3EE97C1AE3CBF600DFCB83 /* Info.plist */,
			);
			name = "Supporting Files";
			sourceTree = "<group>";
		};
		0A3EE9871AE3CC2E00DFCB83 /* Controllers */ = {
			isa = PBXGroup;
			children = (
				0A4836CB1AE88DDA00ED3BEC /* ResumeViewController.swift */,
				0A75A0891AEC349700BEF45A /* AboutViewController.swift */,
				0A75A08B1AEC34A400BEF45A /* WorkViewController.swift */,
				0A75A08D1AEC34AF00BEF45A /* ExtraViewController.swift */,
				0A75A08F1AEC34C000BEF45A /* ProjectsVieController.swift */,
			);
			name = Controllers;
			sourceTree = "<group>";
		};
		0A3EE98A1AE3CC6000DFCB83 /* Views */ = {
			isa = PBXGroup;
			children = (
			);
			name = Views;
			sourceTree = "<group>";
		};
		0A4836CF1AE8A83F00ED3BEC /* Singletons */ = {
			isa = PBXGroup;
			children = (
				0A4836CD1AE8A83A00ED3BEC /* DataManager.swift */,
				0A3EE9641AE3CBF600DFCB83 /* AppDelegate.swift */,
			);
			name = Singletons;
			sourceTree = "<group>";
		};
		0A75A0911AEC58C600BEF45A /* Helpers */ = {
			isa = PBXGroup;
			children = (
				0A75A0921AEC58D800BEF45A /* Extensions.swift */,
			);
			name = Helpers;
			sourceTree = "<group>";
		};
		5277D4564AE15E287EBEACD8 /* Frameworks */ = {
			isa = PBXGroup;
			children = (
				FB37EFF2D61EB30A774A8763 /* libPods.a */,
			);
			name = Frameworks;
			sourceTree = "<group>";
		};
		F69ADD625F833364C9D38052 /* Pods */ = {
			isa = PBXGroup;
			children = (
				94AD2A221816654012C8E841 /* Pods.debug.xcconfig */,
				E4508D6C8084C30FF046EB6E /* Pods.release.xcconfig */,
			);
			name = Pods;
			sourceTree = "<group>";
		};
/* End PBXGroup section */

/* Begin PBXNativeTarget section */
		0A3EE95E1AE3CBF600DFCB83 /* Xiomara-Figueroa */ = {
			isa = PBXNativeTarget;
			buildConfigurationList = 0A3EE9811AE3CBF600DFCB83 /* Build configuration list for PBXNativeTarget "Xiomara-Figueroa" */;
			buildPhases = (
				6CE57ADB20A305B0F3BB33C5 /* Check Pods Manifest.lock */,
				0A3EE95B1AE3CBF600DFCB83 /* Sources */,
				0A3EE95C1AE3CBF600DFCB83 /* Frameworks */,
				0A3EE95D1AE3CBF600DFCB83 /* Resources */,
				86D658D245C65507B021A08F /* Copy Pods Resources */,
			);
			buildRules = (
			);
			dependencies = (
			);
			name = "Xiomara-Figueroa";
			productName = "Xiomara-Figueroa";
			productReference = 0A3EE95F1AE3CBF600DFCB83 /* Xiomara-Figueroa.app */;
			productType = "com.apple.product-type.application";
		};
		0A3EE9761AE3CBF600DFCB83 /* Xiomara-FigueroaTests */ = {
			isa = PBXNativeTarget;
			buildConfigurationList = 0A3EE9841AE3CBF600DFCB83 /* Build configuration list for PBXNativeTarget "Xiomara-FigueroaTests" */;
			buildPhases = (
				0A3EE9731AE3CBF600DFCB83 /* Sources */,
				0A3EE9741AE3CBF600DFCB83 /* Frameworks */,
				0A3EE9751AE3CBF600DFCB83 /* Resources */,
			);
			buildRules = (
			);
			dependencies = (
				0A3EE9791AE3CBF600DFCB83 /* PBXTargetDependency */,
			);
			name = "Xiomara-FigueroaTests";
			productName = "Xiomara-FigueroaTests";
			productReference = 0A3EE9771AE3CBF600DFCB83 /* Xiomara-FigueroaTests.xctest */;
			productType = "com.apple.product-type.bundle.unit-test";
		};
/* End PBXNativeTarget section */

/* Begin PBXProject section */
		0A3EE9571AE3CBF600DFCB83 /* Project object */ = {
			isa = PBXProject;
			attributes = {
				LastUpgradeCheck = 0630;
				ORGANIZATIONNAME = UPRRP;
				TargetAttributes = {
					0A3EE95E1AE3CBF600DFCB83 = {
						CreatedOnToolsVersion = 6.3;
						DevelopmentTeam = DV7HA88ZD7;
					};
					0A3EE9761AE3CBF600DFCB83 = {
						CreatedOnToolsVersion = 6.3;
						TestTargetID = 0A3EE95E1AE3CBF600DFCB83;
					};
				};
			};
			buildConfigurationList = 0A3EE95A1AE3CBF600DFCB83 /* Build configuration list for PBXProject "Xiomara-Figueroa" */;
			compatibilityVersion = "Xcode 3.2";
			developmentRegion = English;
			hasScannedForEncodings = 0;
			knownRegions = (
				en,
				Base,
			);
			mainGroup = 0A3EE9561AE3CBF600DFCB83;
			productRefGroup = 0A3EE9601AE3CBF600DFCB83 /* Products */;
			projectDirPath = "";
			projectRoot = "";
			targets = (
				0A3EE95E1AE3CBF600DFCB83 /* Xiomara-Figueroa */,
				0A3EE9761AE3CBF600DFCB83 /* Xiomara-FigueroaTests */,
			);
		};
/* End PBXProject section */

/* Begin PBXResourcesBuildPhase section */
		0A3EE95D1AE3CBF600DFCB83 /* Resources */ = {
			isa = PBXResourcesBuildPhase;
			buildActionMask = 2147483647;
			files = (
				0A75A0881AEC306500BEF45A /* Images.xcassets in Resources */,
			);
			runOnlyForDeploymentPostprocessing = 0;
		};
		0A3EE9751AE3CBF600DFCB83 /* Resources */ = {
			isa = PBXResourcesBuildPhase;
			buildActionMask = 2147483647;
			files = (
			);
			runOnlyForDeploymentPostprocessing = 0;
		};
/* End PBXResourcesBuildPhase section */

/* Begin PBXShellScriptBuildPhase section */
		6CE57ADB20A305B0F3BB33C5 /* Check Pods Manifest.lock */ = {
			isa = PBXShellScriptBuildPhase;
			buildActionMask = 2147483647;
			files = (
			);
			inputPaths = (
			);
			name = "Check Pods Manifest.lock";
			outputPaths = (
			);
			runOnlyForDeploymentPostprocessing = 0;
			shellPath = /bin/sh;
			shellScript = "diff \"${PODS_ROOT}/../Podfile.lock\" \"${PODS_ROOT}/Manifest.lock\" > /dev/null\nif [[ $? != 0 ]] ; then\n    cat << EOM\nerror: The sandbox is not in sync with the Podfile.lock. Run 'pod install' or update your CocoaPods installation.\nEOM\n    exit 1\nfi\n";
			showEnvVarsInLog = 0;
		};
		86D658D245C65507B021A08F /* Copy Pods Resources */ = {
			isa = PBXShellScriptBuildPhase;
			buildActionMask = 2147483647;
			files = (
			);
			inputPaths = (
			);
			name = "Copy Pods Resources";
			outputPaths = (
			);
			runOnlyForDeploymentPostprocessing = 0;
			shellPath = /bin/sh;
			shellScript = "\"${SRCROOT}/Pods/Target Support Files/Pods/Pods-resources.sh\"\n";
			showEnvVarsInLog = 0;
		};
/* End PBXShellScriptBuildPhase section */

/* Begin PBXSourcesBuildPhase section */
		0A3EE95B1AE3CBF600DFCB83 /* Sources */ = {
			isa = PBXSourcesBuildPhase;
			buildActionMask = 2147483647;
			files = (
				0A4836CE1AE8A83A00ED3BEC /* DataManager.swift in Sources */,
				0A75A0931AEC58D800BEF45A /* Extensions.swift in Sources */,
				0A75A08E1AEC34AF00BEF45A /* ExtraViewController.swift in Sources */,
				0A75A08A1AEC349700BEF45A /* AboutViewController.swift in Sources */,
				0A4836CC1AE88DDA00ED3BEC /* ResumeViewController.swift in Sources */,
				0A75A0901AEC34C000BEF45A /* ProjectsVieController.swift in Sources */,
				0A75A08C1AEC34A400BEF45A /* WorkViewController.swift in Sources */,
				0A3EE9651AE3CBF600DFCB83 /* AppDelegate.swift in Sources */,
				0A3EE9681AE3CBF600DFCB83 /* Xiomara_Figueroa.xcdatamodeld in Sources */,
			);
			runOnlyForDeploymentPostprocessing = 0;
		};
		0A3EE9731AE3CBF600DFCB83 /* Sources */ = {
			isa = PBXSourcesBuildPhase;
			buildActionMask = 2147483647;
			files = (
				0A3EE97E1AE3CBF600DFCB83 /* Xiomara_FigueroaTests.swift in Sources */,
			);
			runOnlyForDeploymentPostprocessing = 0;
		};
/* End PBXSourcesBuildPhase section */

/* Begin PBXTargetDependency section */
		0A3EE9791AE3CBF600DFCB83 /* PBXTargetDependency */ = {
			isa = PBXTargetDependency;
			target = 0A3EE95E1AE3CBF600DFCB83 /* Xiomara-Figueroa */;
			targetProxy = 0A3EE9781AE3CBF600DFCB83 /* PBXContainerItemProxy */;
		};
/* End PBXTargetDependency section */

/* Begin XCBuildConfiguration section */
		0A3EE97F1AE3CBF600DFCB83 /* Debug */ = {
			isa = XCBuildConfiguration;
			buildSettings = {
				ALWAYS_SEARCH_USER_PATHS = NO;
				CLANG_CXX_LANGUAGE_STANDARD = "gnu++0x";
				CLANG_CXX_LIBRARY = "libc++";
				CLANG_ENABLE_MODULES = YES;
				CLANG_ENABLE_OBJC_ARC = YES;
				CLANG_WARN_BOOL_CONVERSION = YES;
				CLANG_WARN_CONSTANT_CONVERSION = YES;
				CLANG_WARN_DIRECT_OBJC_ISA_USAGE = YES_ERROR;
				CLANG_WARN_EMPTY_BODY = YES;
				CLANG_WARN_ENUM_CONVERSION = YES;
				CLANG_WARN_INT_CONVERSION = YES;
				CLANG_WARN_OBJC_ROOT_CLASS = YES_ERROR;
				CLANG_WARN_UNREACHABLE_CODE = YES;
				CLANG_WARN__DUPLICATE_METHOD_MATCH = YES;
				"CODE_SIGN_IDENTITY[sdk=iphoneos*]" = "iPhone Developer";
				COPY_PHASE_STRIP = NO;
				DEBUG_INFORMATION_FORMAT = "dwarf-with-dsym";
				ENABLE_STRICT_OBJC_MSGSEND = YES;
				GCC_C_LANGUAGE_STANDARD = gnu99;
				GCC_DYNAMIC_NO_PIC = NO;
				GCC_NO_COMMON_BLOCKS = YES;
				GCC_OPTIMIZATION_LEVEL = 0;
				GCC_PREPROCESSOR_DEFINITIONS = (
					"DEBUG=1",
					"$(inherited)",
				);
				GCC_SYMBOLS_PRIVATE_EXTERN = NO;
				GCC_WARN_64_TO_32_BIT_CONVERSION = YES;
				GCC_WARN_ABOUT_RETURN_TYPE = YES_ERROR;
				GCC_WARN_UNDECLARED_SELECTOR = YES;
				GCC_WARN_UNINITIALIZED_AUTOS = YES_AGGRESSIVE;
				GCC_WARN_UNUSED_FUNCTION = YES;
				GCC_WARN_UNUSED_VARIABLE = YES;
				IPHONEOS_DEPLOYMENT_TARGET = 7.0;
				MTL_ENABLE_DEBUG_INFO = YES;
				ONLY_ACTIVE_ARCH = YES;
				SDKROOT = iphoneos;
				SWIFT_OPTIMIZATION_LEVEL = "-Onone";
			};
			name = Debug;
		};
		0A3EE9801AE3CBF600DFCB83 /* Release */ = {
			isa = XCBuildConfiguration;
			buildSettings = {
				ALWAYS_SEARCH_USER_PATHS = NO;
				CLANG_CXX_LANGUAGE_STANDARD = "gnu++0x";
				CLANG_CXX_LIBRARY = "libc++";
				CLANG_ENABLE_MODULES = YES;
				CLANG_ENABLE_OBJC_ARC = YES;
				CLANG_WARN_BOOL_CONVERSION = YES;
				CLANG_WARN_CONSTANT_CONVERSION = YES;
				CLANG_WARN_DIRECT_OBJC_ISA_USAGE = YES_ERROR;
				CLANG_WARN_EMPTY_BODY = YES;
				CLANG_WARN_ENUM_CONVERSION = YES;
				CLANG_WARN_INT_CONVERSION = YES;
				CLANG_WARN_OBJC_ROOT_CLASS = YES_ERROR;
				CLANG_WARN_UNREACHABLE_CODE = YES;
				CLANG_WARN__DUPLICATE_METHOD_MATCH = YES;
				"CODE_SIGN_IDENTITY[sdk=iphoneos*]" = "iPhone Developer";
				COPY_PHASE_STRIP = NO;
				DEBUG_INFORMATION_FORMAT = "dwarf-with-dsym";
				ENABLE_NS_ASSERTIONS = NO;
				ENABLE_STRICT_OBJC_MSGSEND = YES;
				GCC_C_LANGUAGE_STANDARD = gnu99;
				GCC_NO_COMMON_BLOCKS = YES;
				GCC_WARN_64_TO_32_BIT_CONVERSION = YES;
				GCC_WARN_ABOUT_RETURN_TYPE = YES_ERROR;
				GCC_WARN_UNDECLARED_SELECTOR = YES;
				GCC_WARN_UNINITIALIZED_AUTOS = YES_AGGRESSIVE;
				GCC_WARN_UNUSED_FUNCTION = YES;
				GCC_WARN_UNUSED_VARIABLE = YES;
				IPHONEOS_DEPLOYMENT_TARGET = 7.0;
				MTL_ENABLE_DEBUG_INFO = NO;
				SDKROOT = iphoneos;
				VALIDATE_PRODUCT = YES;
			};
			name = Release;
		};
		0A3EE9821AE3CBF600DFCB83 /* Debug */ = {
			isa = XCBuildConfiguration;
			baseConfigurationReference = 94AD2A221816654012C8E841 /* Pods.debug.xcconfig */;
			buildSettings = {
				ASSETCATALOG_COMPILER_APPICON_NAME = AppIcon;
				CODE_SIGN_IDENTITY = "iPhone Developer";
				INFOPLIST_FILE = "Xiomara-Figueroa/Info.plist";
				IPHONEOS_DEPLOYMENT_TARGET = 7.1;
				LD_RUNPATH_SEARCH_PATHS = "$(inherited) @executable_path/Frameworks";
				PRODUCT_NAME = "$(TARGET_NAME)";
				SWIFT_OBJC_BRIDGING_HEADER = "";
				"SWIFT_OBJC_BRIDGING_HEADER[arch=*]" = "Xiomara-Figueroa/Xiomara-Figueroa-Bridging-Header.h";
			};
			name = Debug;
		};
		0A3EE9831AE3CBF600DFCB83 /* Release */ = {
			isa = XCBuildConfiguration;
			baseConfigurationReference = E4508D6C8084C30FF046EB6E /* Pods.release.xcconfig */;
			buildSettings = {
				ASSETCATALOG_COMPILER_APPICON_NAME = AppIcon;
				CODE_SIGN_IDENTITY = "iPhone Developer";
				INFOPLIST_FILE = "Xiomara-Figueroa/Info.plist";
				IPHONEOS_DEPLOYMENT_TARGET = 7.1;
				LD_RUNPATH_SEARCH_PATHS = "$(inherited) @executable_path/Frameworks";
				PRODUCT_NAME = "$(TARGET_NAME)";
				SWIFT_OBJC_BRIDGING_HEADER = "";
				"SWIFT_OBJC_BRIDGING_HEADER[arch=*]" = "Xiomara-Figueroa/Xiomara-Figueroa-Bridging-Header.h";
			};
			name = Release;
		};
		0A3EE9851AE3CBF600DFCB83 /* Debug */ = {
			isa = XCBuildConfiguration;
			buildSettings = {
				BUNDLE_LOADER = "$(TEST_HOST)";
				FRAMEWORK_SEARCH_PATHS = (
					"$(SDKROOT)/Developer/Library/Frameworks",
					"$(inherited)",
				);
				GCC_PREPROCESSOR_DEFINITIONS = (
					"DEBUG=1",
					"$(inherited)",
				);
				INFOPLIST_FILE = "Xiomara-FigueroaTests/Info.plist";
				LD_RUNPATH_SEARCH_PATHS = "$(inherited) @executable_path/Frameworks @loader_path/Frameworks";
				PRODUCT_NAME = "$(TARGET_NAME)";
				TEST_HOST = "$(BUILT_PRODUCTS_DIR)/Xiomara-Figueroa.app/Xiomara-Figueroa";
			};
			name = Debug;
		};
		0A3EE9861AE3CBF600DFCB83 /* Release */ = {
			isa = XCBuildConfiguration;
			buildSettings = {
				BUNDLE_LOADER = "$(TEST_HOST)";
				FRAMEWORK_SEARCH_PATHS = (
					"$(SDKROOT)/Developer/Library/Frameworks",
					"$(inherited)",
				);
				INFOPLIST_FILE = "Xiomara-FigueroaTests/Info.plist";
				LD_RUNPATH_SEARCH_PATHS = "$(inherited) @executable_path/Frameworks @loader_path/Frameworks";
				PRODUCT_NAME = "$(TARGET_NAME)";
				TEST_HOST = "$(BUILT_PRODUCTS_DIR)/Xiomara-Figueroa.app/Xiomara-Figueroa";
			};
			name = Release;
		};
/* End XCBuildConfiguration section */

/* Begin XCConfigurationList section */
		0A3EE95A1AE3CBF600DFCB83 /* Build configuration list for PBXProject "Xiomara-Figueroa" */ = {
			isa = XCConfigurationList;
			buildConfigurations = (
				0A3EE97F1AE3CBF600DFCB83 /* Debug */,
				0A3EE9801AE3CBF600DFCB83 /* Release */,
			);
			defaultConfigurationIsVisible = 0;
			defaultConfigurationName = Release;
		};
		0A3EE9811AE3CBF600DFCB83 /* Build configuration list for PBXNativeTarget "Xiomara-Figueroa" */ = {
			isa = XCConfigurationList;
			buildConfigurations = (
				0A3EE9821AE3CBF600DFCB83 /* Debug */,
				0A3EE9831AE3CBF600DFCB83 /* Release */,
			);
			defaultConfigurationIsVisible = 0;
			defaultConfigurationName = Release;
		};
		0A3EE9841AE3CBF600DFCB83 /* Build configuration list for PBXNativeTarget "Xiomara-FigueroaTests" */ = {
			isa = XCConfigurationList;
			buildConfigurations = (
				0A3EE9851AE3CBF600DFCB83 /* Debug */,
				0A3EE9861AE3CBF600DFCB83 /* Release */,
			);
			defaultConfigurationIsVisible = 0;
			defaultConfigurationName = Release;
		};
/* End XCConfigurationList section */

/* Begin XCVersionGroup section */
		0A3EE9661AE3CBF600DFCB83 /* Xiomara_Figueroa.xcdatamodeld */ = {
			isa = XCVersionGroup;
			children = (
				0A3EE9671AE3CBF600DFCB83 /* Xiomara_Figueroa.xcdatamodel */,
			);
			currentVersion = 0A3EE9671AE3CBF600DFCB83 /* Xiomara_Figueroa.xcdatamodel */;
			path = Xiomara_Figueroa.xcdatamodeld;
			sourceTree = "<group>";
			versionGroupType = wrapper.xcdatamodel;
		};
/* End XCVersionGroup section */
	};
	rootObject = 0A3EE9571AE3CBF600DFCB83 /* Project object */;
}
